// !$*UTF8*$!
{
	archiveVersion = 1;
	classes = {
	};
	objectVersion = 56;
	objects = {

/* Begin PBXBuildFile section */
		2A7654E22C06097400D8A098 /* GoogleService-Info.plist in Resources */ = {isa = PBXBuildFile; fileRef = 2A7654E12C06097400D8A098 /* GoogleService-Info.plist */; };
		2A7654E52C060A3500D8A098 /* FirebaseAnalytics in Frameworks */ = {isa = PBXBuildFile; productRef = 2A7654E42C060A3500D8A098 /* FirebaseAnalytics */; };
		2A7654E72C060A3500D8A098 /* FirebaseAnalyticsOnDeviceConversion in Frameworks */ = {isa = PBXBuildFile; productRef = 2A7654E62C060A3500D8A098 /* FirebaseAnalyticsOnDeviceConversion */; };
		2A7654E92C060A3500D8A098 /* FirebaseAnalyticsSwift in Frameworks */ = {isa = PBXBuildFile; productRef = 2A7654E82C060A3500D8A098 /* FirebaseAnalyticsSwift */; };
		2A7654EB2C060A3500D8A098 /* FirebaseAnalyticsWithoutAdIdSupport in Frameworks */ = {isa = PBXBuildFile; productRef = 2A7654EA2C060A3500D8A098 /* FirebaseAnalyticsWithoutAdIdSupport */; };
		2A7654ED2C060A3500D8A098 /* FirebaseAuth in Frameworks */ = {isa = PBXBuildFile; productRef = 2A7654EC2C060A3500D8A098 /* FirebaseAuth */; };
		2A7654EF2C060A3500D8A098 /* FirebaseAuthCombine-Community in Frameworks */ = {isa = PBXBuildFile; productRef = 2A7654EE2C060A3500D8A098 /* FirebaseAuthCombine-Community */; };
		2A7654F12C060A3500D8A098 /* FirebaseFirestore in Frameworks */ = {isa = PBXBuildFile; productRef = 2A7654F02C060A3500D8A098 /* FirebaseFirestore */; };
		2A7654F32C060A3500D8A098 /* FirebaseFirestoreCombine-Community in Frameworks */ = {isa = PBXBuildFile; productRef = 2A7654F22C060A3500D8A098 /* FirebaseFirestoreCombine-Community */; };
		2A7654F52C060A3500D8A098 /* FirebaseFirestoreSwift in Frameworks */ = {isa = PBXBuildFile; productRef = 2A7654F42C060A3500D8A098 /* FirebaseFirestoreSwift */; };
		2A7654F72C060A3500D8A098 /* FirebaseStorage in Frameworks */ = {isa = PBXBuildFile; productRef = 2A7654F62C060A3500D8A098 /* FirebaseStorage */; };
		2A7654F92C060A3500D8A098 /* FirebaseStorageCombine-Community in Frameworks */ = {isa = PBXBuildFile; productRef = 2A7654F82C060A3500D8A098 /* FirebaseStorageCombine-Community */; };
		4D9D8B502C05B1BD0043E7DF /* AppDelegate.swift in Sources */ = {isa = PBXBuildFile; fileRef = 4D9D8B4F2C05B1BD0043E7DF /* AppDelegate.swift */; };
		4D9D8B522C05B1BD0043E7DF /* SceneDelegate.swift in Sources */ = {isa = PBXBuildFile; fileRef = 4D9D8B512C05B1BD0043E7DF /* SceneDelegate.swift */; };
		4D9D8B542C05B1BD0043E7DF /* ViewController.swift in Sources */ = {isa = PBXBuildFile; fileRef = 4D9D8B532C05B1BD0043E7DF /* ViewController.swift */; };
		4D9D8B5A2C05B1BD0043E7DF /* WanderBoard.xcdatamodeld in Sources */ = {isa = PBXBuildFile; fileRef = 4D9D8B582C05B1BD0043E7DF /* WanderBoard.xcdatamodeld */; };
		4D9D8B5C2C05B1BE0043E7DF /* Assets.xcassets in Resources */ = {isa = PBXBuildFile; fileRef = 4D9D8B5B2C05B1BE0043E7DF /* Assets.xcassets */; };
		4D9D8B5F2C05B1BE0043E7DF /* Base in Resources */ = {isa = PBXBuildFile; fileRef = 4D9D8B5E2C05B1BE0043E7DF /* Base */; };
		4D9D8B6B2C05B2D90043E7DF /* NetworkManager.swift in Sources */ = {isa = PBXBuildFile; fileRef = 4D9D8B6A2C05B2D90043E7DF /* NetworkManager.swift */; };
		4D9D8B6E2C05B3290043E7DF /* SnapKit in Frameworks */ = {isa = PBXBuildFile; productRef = 4D9D8B6D2C05B3290043E7DF /* SnapKit */; };
		4D9D8B712C05B3350043E7DF /* Kingfisher in Frameworks */ = {isa = PBXBuildFile; productRef = 4D9D8B702C05B3350043E7DF /* Kingfisher */; };
		4D9D8B742C05B4CD0043E7DF /* Then in Frameworks */ = {isa = PBXBuildFile; productRef = 4D9D8B732C05B4CD0043E7DF /* Then */; };
/* End PBXBuildFile section */

/* Begin PBXFileReference section */
		2A7654E12C06097400D8A098 /* GoogleService-Info.plist */ = {isa = PBXFileReference; fileEncoding = 4; lastKnownFileType = text.plist.xml; path = "GoogleService-Info.plist"; sourceTree = "<group>"; };
		4D9D8B4C2C05B1BD0043E7DF /* WanderBoard.app */ = {isa = PBXFileReference; explicitFileType = wrapper.application; includeInIndex = 0; path = WanderBoard.app; sourceTree = BUILT_PRODUCTS_DIR; };
		4D9D8B4F2C05B1BD0043E7DF /* AppDelegate.swift */ = {isa = PBXFileReference; lastKnownFileType = sourcecode.swift; path = AppDelegate.swift; sourceTree = "<group>"; };
		4D9D8B512C05B1BD0043E7DF /* SceneDelegate.swift */ = {isa = PBXFileReference; lastKnownFileType = sourcecode.swift; path = SceneDelegate.swift; sourceTree = "<group>"; };
		4D9D8B532C05B1BD0043E7DF /* ViewController.swift */ = {isa = PBXFileReference; lastKnownFileType = sourcecode.swift; path = ViewController.swift; sourceTree = "<group>"; };
		4D9D8B592C05B1BD0043E7DF /* WanderBoard.xcdatamodel */ = {isa = PBXFileReference; lastKnownFileType = wrapper.xcdatamodel; path = WanderBoard.xcdatamodel; sourceTree = "<group>"; };
		4D9D8B5B2C05B1BE0043E7DF /* Assets.xcassets */ = {isa = PBXFileReference; lastKnownFileType = folder.assetcatalog; path = Assets.xcassets; sourceTree = "<group>"; };
		4D9D8B5E2C05B1BE0043E7DF /* Base */ = {isa = PBXFileReference; lastKnownFileType = file.storyboard; name = Base; path = Base.lproj/LaunchScreen.storyboard; sourceTree = "<group>"; };
		4D9D8B602C05B1BE0043E7DF /* Info.plist */ = {isa = PBXFileReference; lastKnownFileType = text.plist.xml; path = Info.plist; sourceTree = "<group>"; };
		4D9D8B6A2C05B2D90043E7DF /* NetworkManager.swift */ = {isa = PBXFileReference; lastKnownFileType = sourcecode.swift; path = NetworkManager.swift; sourceTree = "<group>"; };
/* End PBXFileReference section */

/* Begin PBXFrameworksBuildPhase section */
		4D9D8B492C05B1BD0043E7DF /* Frameworks */ = {
			isa = PBXFrameworksBuildPhase;
			buildActionMask = 2147483647;
			files = (
				2A7654E92C060A3500D8A098 /* FirebaseAnalyticsSwift in Frameworks */,
				2A7654EF2C060A3500D8A098 /* FirebaseAuthCombine-Community in Frameworks */,
				4D9D8B712C05B3350043E7DF /* Kingfisher in Frameworks */,
				2A7654F12C060A3500D8A098 /* FirebaseFirestore in Frameworks */,
				4D9D8B742C05B4CD0043E7DF /* Then in Frameworks */,
				2A7654F32C060A3500D8A098 /* FirebaseFirestoreCombine-Community in Frameworks */,
				2A7654E72C060A3500D8A098 /* FirebaseAnalyticsOnDeviceConversion in Frameworks */,
				2A7654EB2C060A3500D8A098 /* FirebaseAnalyticsWithoutAdIdSupport in Frameworks */,
				2A7654F92C060A3500D8A098 /* FirebaseStorageCombine-Community in Frameworks */,
				2A7654F72C060A3500D8A098 /* FirebaseStorage in Frameworks */,
				2A7654E52C060A3500D8A098 /* FirebaseAnalytics in Frameworks */,
				4D9D8B6E2C05B3290043E7DF /* SnapKit in Frameworks */,
				2A7654ED2C060A3500D8A098 /* FirebaseAuth in Frameworks */,
				2A7654F52C060A3500D8A098 /* FirebaseFirestoreSwift in Frameworks */,
			);
			runOnlyForDeploymentPostprocessing = 0;
		};
/* End PBXFrameworksBuildPhase section */

/* Begin PBXGroup section */
		2A7654E02C0605E300D8A098 /* mgynsz */ = {
			isa = PBXGroup;
			children = (
			);
			path = mgynsz;
			sourceTree = "<group>";
		};
		4D9D8B432C05B1BD0043E7DF = {
			isa = PBXGroup;
			children = (
				4D9D8B4E2C05B1BD0043E7DF /* WanderBoard */,
				4D9D8B4D2C05B1BD0043E7DF /* Products */,
			);
			sourceTree = "<group>";
		};
		4D9D8B4D2C05B1BD0043E7DF /* Products */ = {
			isa = PBXGroup;
			children = (
				4D9D8B4C2C05B1BD0043E7DF /* WanderBoard.app */,
			);
			name = Products;
			sourceTree = "<group>";
		};
		4D9D8B4E2C05B1BD0043E7DF /* WanderBoard */ = {
			isa = PBXGroup;
			children = (
				2A7654E02C0605E300D8A098 /* mgynsz */,
				4D9D8B4F2C05B1BD0043E7DF /* AppDelegate.swift */,
				4D9D8B512C05B1BD0043E7DF /* SceneDelegate.swift */,
				4D9D8B692C05B2B40043E7DF /* Network */,
				4D9D8B682C05B2B20043E7DF /* Models */,
				4D9D8B672C05B2B00043E7DF /* Views */,
				4D9D8B662C05B2AE0043E7DF /* Controllers */,
				4D9D8B5B2C05B1BE0043E7DF /* Assets.xcassets */,
				4D9D8B5D2C05B1BE0043E7DF /* LaunchScreen.storyboard */,
				4D9D8B602C05B1BE0043E7DF /* Info.plist */,
				2A7654E12C06097400D8A098 /* GoogleService-Info.plist */,
				4D9D8B582C05B1BD0043E7DF /* WanderBoard.xcdatamodeld */,
			);
			path = WanderBoard;
			sourceTree = "<group>";
		};
		4D9D8B662C05B2AE0043E7DF /* Controllers */ = {
			isa = PBXGroup;
			children = (
				4D9D8B532C05B1BD0043E7DF /* ViewController.swift */,
			);
			path = Controllers;
			sourceTree = "<group>";
		};
		4D9D8B672C05B2B00043E7DF /* Views */ = {
			isa = PBXGroup;
			children = (
			);
			path = Views;
			sourceTree = "<group>";
		};
		4D9D8B682C05B2B20043E7DF /* Models */ = {
			isa = PBXGroup;
			children = (
			);
			path = Models;
			sourceTree = "<group>";
		};
		4D9D8B692C05B2B40043E7DF /* Network */ = {
			isa = PBXGroup;
			children = (
				4D9D8B6A2C05B2D90043E7DF /* NetworkManager.swift */,
			);
			path = Network;
			sourceTree = "<group>";
		};
/* End PBXGroup section */

/* Begin PBXNativeTarget section */
		4D9D8B4B2C05B1BD0043E7DF /* WanderBoard */ = {
			isa = PBXNativeTarget;
			buildConfigurationList = 4D9D8B632C05B1BE0043E7DF /* Build configuration list for PBXNativeTarget "WanderBoard" */;
			buildPhases = (
				4D9D8B482C05B1BD0043E7DF /* Sources */,
				4D9D8B492C05B1BD0043E7DF /* Frameworks */,
				4D9D8B4A2C05B1BD0043E7DF /* Resources */,
			);
			buildRules = (
			);
			dependencies = (
			);
			name = WanderBoard;
			packageProductDependencies = (
				4D9D8B6D2C05B3290043E7DF /* SnapKit */,
				4D9D8B702C05B3350043E7DF /* Kingfisher */,
				4D9D8B732C05B4CD0043E7DF /* Then */,
				2A7654E42C060A3500D8A098 /* FirebaseAnalytics */,
				2A7654E62C060A3500D8A098 /* FirebaseAnalyticsOnDeviceConversion */,
				2A7654E82C060A3500D8A098 /* FirebaseAnalyticsSwift */,
				2A7654EA2C060A3500D8A098 /* FirebaseAnalyticsWithoutAdIdSupport */,
				2A7654EC2C060A3500D8A098 /* FirebaseAuth */,
				2A7654EE2C060A3500D8A098 /* FirebaseAuthCombine-Community */,
				2A7654F02C060A3500D8A098 /* FirebaseFirestore */,
				2A7654F22C060A3500D8A098 /* FirebaseFirestoreCombine-Community */,
				2A7654F42C060A3500D8A098 /* FirebaseFirestoreSwift */,
				2A7654F62C060A3500D8A098 /* FirebaseStorage */,
				2A7654F82C060A3500D8A098 /* FirebaseStorageCombine-Community */,
			);
			productName = WanderBoard;
			productReference = 4D9D8B4C2C05B1BD0043E7DF /* WanderBoard.app */;
			productType = "com.apple.product-type.application";
		};
/* End PBXNativeTarget section */

/* Begin PBXProject section */
		4D9D8B442C05B1BD0043E7DF /* Project object */ = {
			isa = PBXProject;
			attributes = {
				BuildIndependentTargetsInParallel = 1;
				LastSwiftUpdateCheck = 1530;
				LastUpgradeCheck = 1530;
				TargetAttributes = {
					4D9D8B4B2C05B1BD0043E7DF = {
						CreatedOnToolsVersion = 15.3;
					};
				};
			};
			buildConfigurationList = 4D9D8B472C05B1BD0043E7DF /* Build configuration list for PBXProject "WanderBoard" */;
			compatibilityVersion = "Xcode 14.0";
			developmentRegion = en;
			hasScannedForEncodings = 0;
			knownRegions = (
				en,
				Base,
			);
			mainGroup = 4D9D8B432C05B1BD0043E7DF;
			packageReferences = (
				4D9D8B6C2C05B3290043E7DF /* XCRemoteSwiftPackageReference "SnapKit" */,
				4D9D8B6F2C05B3350043E7DF /* XCRemoteSwiftPackageReference "Kingfisher" */,
				4D9D8B722C05B4CD0043E7DF /* XCRemoteSwiftPackageReference "Then" */,
				2A7654E32C060A3500D8A098 /* XCRemoteSwiftPackageReference "firebase-ios-sdk" */,
			);
			productRefGroup = 4D9D8B4D2C05B1BD0043E7DF /* Products */;
			projectDirPath = "";
			projectRoot = "";
			targets = (
				4D9D8B4B2C05B1BD0043E7DF /* WanderBoard */,
			);
		};
/* End PBXProject section */

/* Begin PBXResourcesBuildPhase section */
		4D9D8B4A2C05B1BD0043E7DF /* Resources */ = {
			isa = PBXResourcesBuildPhase;
			buildActionMask = 2147483647;
			files = (
				4D9D8B5C2C05B1BE0043E7DF /* Assets.xcassets in Resources */,
				2A7654E22C06097400D8A098 /* GoogleService-Info.plist in Resources */,
				4D9D8B5F2C05B1BE0043E7DF /* Base in Resources */,
			);
			runOnlyForDeploymentPostprocessing = 0;
		};
/* End PBXResourcesBuildPhase section */

/* Begin PBXSourcesBuildPhase section */
		4D9D8B482C05B1BD0043E7DF /* Sources */ = {
			isa = PBXSourcesBuildPhase;
			buildActionMask = 2147483647;
			files = (
				4D9D8B6B2C05B2D90043E7DF /* NetworkManager.swift in Sources */,
				4D9D8B542C05B1BD0043E7DF /* ViewController.swift in Sources */,
				4D9D8B5A2C05B1BD0043E7DF /* WanderBoard.xcdatamodeld in Sources */,
				4D9D8B502C05B1BD0043E7DF /* AppDelegate.swift in Sources */,
				4D9D8B522C05B1BD0043E7DF /* SceneDelegate.swift in Sources */,
			);
			runOnlyForDeploymentPostprocessing = 0;
		};
/* End PBXSourcesBuildPhase section */

/* Begin PBXVariantGroup section */
		4D9D8B5D2C05B1BE0043E7DF /* LaunchScreen.storyboard */ = {
			isa = PBXVariantGroup;
			children = (
				4D9D8B5E2C05B1BE0043E7DF /* Base */,
			);
			name = LaunchScreen.storyboard;
			sourceTree = "<group>";
		};
/* End PBXVariantGroup section */

/* Begin XCBuildConfiguration section */
		4D9D8B612C05B1BE0043E7DF /* Debug */ = {
			isa = XCBuildConfiguration;
			buildSettings = {
				ALWAYS_SEARCH_USER_PATHS = NO;
				ASSETCATALOG_COMPILER_GENERATE_SWIFT_ASSET_SYMBOL_EXTENSIONS = YES;
				CLANG_ANALYZER_NONNULL = YES;
				CLANG_ANALYZER_NUMBER_OBJECT_CONVERSION = YES_AGGRESSIVE;
				CLANG_CXX_LANGUAGE_STANDARD = "gnu++20";
				CLANG_ENABLE_MODULES = YES;
				CLANG_ENABLE_OBJC_ARC = YES;
				CLANG_ENABLE_OBJC_WEAK = YES;
				CLANG_WARN_BLOCK_CAPTURE_AUTORELEASING = YES;
				CLANG_WARN_BOOL_CONVERSION = YES;
				CLANG_WARN_COMMA = YES;
				CLANG_WARN_CONSTANT_CONVERSION = YES;
				CLANG_WARN_DEPRECATED_OBJC_IMPLEMENTATIONS = YES;
				CLANG_WARN_DIRECT_OBJC_ISA_USAGE = YES_ERROR;
				CLANG_WARN_DOCUMENTATION_COMMENTS = YES;
				CLANG_WARN_EMPTY_BODY = YES;
				CLANG_WARN_ENUM_CONVERSION = YES;
				CLANG_WARN_INFINITE_RECURSION = YES;
				CLANG_WARN_INT_CONVERSION = YES;
				CLANG_WARN_NON_LITERAL_NULL_CONVERSION = YES;
				CLANG_WARN_OBJC_IMPLICIT_RETAIN_SELF = YES;
				CLANG_WARN_OBJC_LITERAL_CONVERSION = YES;
				CLANG_WARN_OBJC_ROOT_CLASS = YES_ERROR;
				CLANG_WARN_QUOTED_INCLUDE_IN_FRAMEWORK_HEADER = YES;
				CLANG_WARN_RANGE_LOOP_ANALYSIS = YES;
				CLANG_WARN_STRICT_PROTOTYPES = YES;
				CLANG_WARN_SUSPICIOUS_MOVE = YES;
				CLANG_WARN_UNGUARDED_AVAILABILITY = YES_AGGRESSIVE;
				CLANG_WARN_UNREACHABLE_CODE = YES;
				CLANG_WARN__DUPLICATE_METHOD_MATCH = YES;
				COPY_PHASE_STRIP = NO;
				DEBUG_INFORMATION_FORMAT = dwarf;
				ENABLE_STRICT_OBJC_MSGSEND = YES;
				ENABLE_TESTABILITY = YES;
				ENABLE_USER_SCRIPT_SANDBOXING = YES;
				GCC_C_LANGUAGE_STANDARD = gnu17;
				GCC_DYNAMIC_NO_PIC = NO;
				GCC_NO_COMMON_BLOCKS = YES;
				GCC_OPTIMIZATION_LEVEL = 0;
				GCC_PREPROCESSOR_DEFINITIONS = (
					"DEBUG=1",
					"$(inherited)",
				);
				GCC_WARN_64_TO_32_BIT_CONVERSION = YES;
				GCC_WARN_ABOUT_RETURN_TYPE = YES_ERROR;
				GCC_WARN_UNDECLARED_SELECTOR = YES;
				GCC_WARN_UNINITIALIZED_AUTOS = YES_AGGRESSIVE;
				GCC_WARN_UNUSED_FUNCTION = YES;
				GCC_WARN_UNUSED_VARIABLE = YES;
				IPHONEOS_DEPLOYMENT_TARGET = 16.0;
				LOCALIZATION_PREFERS_STRING_CATALOGS = YES;
				MTL_ENABLE_DEBUG_INFO = INCLUDE_SOURCE;
				MTL_FAST_MATH = YES;
				ONLY_ACTIVE_ARCH = YES;
				SDKROOT = iphoneos;
				SWIFT_ACTIVE_COMPILATION_CONDITIONS = "DEBUG $(inherited)";
				SWIFT_OPTIMIZATION_LEVEL = "-Onone";
			};
			name = Debug;
		};
		4D9D8B622C05B1BE0043E7DF /* Release */ = {
			isa = XCBuildConfiguration;
			buildSettings = {
				ALWAYS_SEARCH_USER_PATHS = NO;
				ASSETCATALOG_COMPILER_GENERATE_SWIFT_ASSET_SYMBOL_EXTENSIONS = YES;
				CLANG_ANALYZER_NONNULL = YES;
				CLANG_ANALYZER_NUMBER_OBJECT_CONVERSION = YES_AGGRESSIVE;
				CLANG_CXX_LANGUAGE_STANDARD = "gnu++20";
				CLANG_ENABLE_MODULES = YES;
				CLANG_ENABLE_OBJC_ARC = YES;
				CLANG_ENABLE_OBJC_WEAK = YES;
				CLANG_WARN_BLOCK_CAPTURE_AUTORELEASING = YES;
				CLANG_WARN_BOOL_CONVERSION = YES;
				CLANG_WARN_COMMA = YES;
				CLANG_WARN_CONSTANT_CONVERSION = YES;
				CLANG_WARN_DEPRECATED_OBJC_IMPLEMENTATIONS = YES;
				CLANG_WARN_DIRECT_OBJC_ISA_USAGE = YES_ERROR;
				CLANG_WARN_DOCUMENTATION_COMMENTS = YES;
				CLANG_WARN_EMPTY_BODY = YES;
				CLANG_WARN_ENUM_CONVERSION = YES;
				CLANG_WARN_INFINITE_RECURSION = YES;
				CLANG_WARN_INT_CONVERSION = YES;
				CLANG_WARN_NON_LITERAL_NULL_CONVERSION = YES;
				CLANG_WARN_OBJC_IMPLICIT_RETAIN_SELF = YES;
				CLANG_WARN_OBJC_LITERAL_CONVERSION = YES;
				CLANG_WARN_OBJC_ROOT_CLASS = YES_ERROR;
				CLANG_WARN_QUOTED_INCLUDE_IN_FRAMEWORK_HEADER = YES;
				CLANG_WARN_RANGE_LOOP_ANALYSIS = YES;
				CLANG_WARN_STRICT_PROTOTYPES = YES;
				CLANG_WARN_SUSPICIOUS_MOVE = YES;
				CLANG_WARN_UNGUARDED_AVAILABILITY = YES_AGGRESSIVE;
				CLANG_WARN_UNREACHABLE_CODE = YES;
				CLANG_WARN__DUPLICATE_METHOD_MATCH = YES;
				COPY_PHASE_STRIP = NO;
				DEBUG_INFORMATION_FORMAT = "dwarf-with-dsym";
				ENABLE_NS_ASSERTIONS = NO;
				ENABLE_STRICT_OBJC_MSGSEND = YES;
				ENABLE_USER_SCRIPT_SANDBOXING = YES;
				GCC_C_LANGUAGE_STANDARD = gnu17;
				GCC_NO_COMMON_BLOCKS = YES;
				GCC_WARN_64_TO_32_BIT_CONVERSION = YES;
				GCC_WARN_ABOUT_RETURN_TYPE = YES_ERROR;
				GCC_WARN_UNDECLARED_SELECTOR = YES;
				GCC_WARN_UNINITIALIZED_AUTOS = YES_AGGRESSIVE;
				GCC_WARN_UNUSED_FUNCTION = YES;
				GCC_WARN_UNUSED_VARIABLE = YES;
				IPHONEOS_DEPLOYMENT_TARGET = 16.0;
				LOCALIZATION_PREFERS_STRING_CATALOGS = YES;
				MTL_ENABLE_DEBUG_INFO = NO;
				MTL_FAST_MATH = YES;
				SDKROOT = iphoneos;
				SWIFT_COMPILATION_MODE = wholemodule;
				VALIDATE_PRODUCT = YES;
			};
			name = Release;
		};
		4D9D8B642C05B1BE0043E7DF /* Debug */ = {
			isa = XCBuildConfiguration;
			buildSettings = {
				ASSETCATALOG_COMPILER_APPICON_NAME = AppIcon;
				ASSETCATALOG_COMPILER_GLOBAL_ACCENT_COLOR_NAME = AccentColor;
				CODE_SIGN_STYLE = Automatic;
				CURRENT_PROJECT_VERSION = 1;
				DEVELOPMENT_TEAM = 3TK9KW93RC;
				GENERATE_INFOPLIST_FILE = YES;
				INFOPLIST_FILE = WanderBoard/Info.plist;
				INFOPLIST_KEY_LSApplicationCategoryType = "public.app-category.travel";
				INFOPLIST_KEY_UIApplicationSupportsIndirectInputEvents = YES;
				INFOPLIST_KEY_UILaunchStoryboardName = LaunchScreen;
				INFOPLIST_KEY_UISupportedInterfaceOrientations_iPad = "UIInterfaceOrientationPortrait UIInterfaceOrientationPortraitUpsideDown UIInterfaceOrientationLandscapeLeft UIInterfaceOrientationLandscapeRight";
				INFOPLIST_KEY_UISupportedInterfaceOrientations_iPhone = "UIInterfaceOrientationPortrait UIInterfaceOrientationLandscapeLeft UIInterfaceOrientationLandscapeRight";
				LD_RUNPATH_SEARCH_PATHS = (
					"$(inherited)",
					"@executable_path/Frameworks",
				);
				MARKETING_VERSION = 1.0;
				PRODUCT_BUNDLE_IDENTIFIER = Project.WanderBoard;
				PRODUCT_NAME = "$(TARGET_NAME)";
				SUPPORTED_PLATFORMS = "iphoneos iphonesimulator";
				SUPPORTS_MACCATALYST = NO;
				SUPPORTS_MAC_DESIGNED_FOR_IPHONE_IPAD = NO;
				SUPPORTS_XR_DESIGNED_FOR_IPHONE_IPAD = NO;
				SWIFT_EMIT_LOC_STRINGS = YES;
				SWIFT_VERSION = 5.0;
				TARGETED_DEVICE_FAMILY = "1,2";
			};
			name = Debug;
		};
		4D9D8B652C05B1BE0043E7DF /* Release */ = {
			isa = XCBuildConfiguration;
			buildSettings = {
				ASSETCATALOG_COMPILER_APPICON_NAME = AppIcon;
				ASSETCATALOG_COMPILER_GLOBAL_ACCENT_COLOR_NAME = AccentColor;
				CODE_SIGN_STYLE = Automatic;
				CURRENT_PROJECT_VERSION = 1;
				DEVELOPMENT_TEAM = 3TK9KW93RC;
				GENERATE_INFOPLIST_FILE = YES;
				INFOPLIST_FILE = WanderBoard/Info.plist;
				INFOPLIST_KEY_LSApplicationCategoryType = "public.app-category.travel";
				INFOPLIST_KEY_UIApplicationSupportsIndirectInputEvents = YES;
				INFOPLIST_KEY_UILaunchStoryboardName = LaunchScreen;
				INFOPLIST_KEY_UISupportedInterfaceOrientations_iPad = "UIInterfaceOrientationPortrait UIInterfaceOrientationPortraitUpsideDown UIInterfaceOrientationLandscapeLeft UIInterfaceOrientationLandscapeRight";
				INFOPLIST_KEY_UISupportedInterfaceOrientations_iPhone = "UIInterfaceOrientationPortrait UIInterfaceOrientationLandscapeLeft UIInterfaceOrientationLandscapeRight";
				LD_RUNPATH_SEARCH_PATHS = (
					"$(inherited)",
					"@executable_path/Frameworks",
				);
				MARKETING_VERSION = 1.0;
				PRODUCT_BUNDLE_IDENTIFIER = Project.WanderBoard;
				PRODUCT_NAME = "$(TARGET_NAME)";
				SUPPORTED_PLATFORMS = "iphoneos iphonesimulator";
				SUPPORTS_MACCATALYST = NO;
				SUPPORTS_MAC_DESIGNED_FOR_IPHONE_IPAD = NO;
				SUPPORTS_XR_DESIGNED_FOR_IPHONE_IPAD = NO;
				SWIFT_EMIT_LOC_STRINGS = YES;
				SWIFT_VERSION = 5.0;
				TARGETED_DEVICE_FAMILY = "1,2";
			};
			name = Release;
		};
/* End XCBuildConfiguration section */

/* Begin XCConfigurationList section */
		4D9D8B472C05B1BD0043E7DF /* Build configuration list for PBXProject "WanderBoard" */ = {
			isa = XCConfigurationList;
			buildConfigurations = (
				4D9D8B612C05B1BE0043E7DF /* Debug */,
				4D9D8B622C05B1BE0043E7DF /* Release */,
			);
			defaultConfigurationIsVisible = 0;
			defaultConfigurationName = Release;
		};
		4D9D8B632C05B1BE0043E7DF /* Build configuration list for PBXNativeTarget "WanderBoard" */ = {
			isa = XCConfigurationList;
			buildConfigurations = (
				4D9D8B642C05B1BE0043E7DF /* Debug */,
				4D9D8B652C05B1BE0043E7DF /* Release */,
			);
			defaultConfigurationIsVisible = 0;
			defaultConfigurationName = Release;
		};
/* End XCConfigurationList section */

/* Begin XCRemoteSwiftPackageReference section */
		2A7654E32C060A3500D8A098 /* XCRemoteSwiftPackageReference "firebase-ios-sdk" */ = {
			isa = XCRemoteSwiftPackageReference;
			repositoryURL = "https://github.com/firebase/firebase-ios-sdk.git";
			requirement = {
				kind = upToNextMajorVersion;
				minimumVersion = 10.26.0;
			};
		};
		4D9D8B6C2C05B3290043E7DF /* XCRemoteSwiftPackageReference "SnapKit" */ = {
			isa = XCRemoteSwiftPackageReference;
			repositoryURL = "https://github.com/SnapKit/SnapKit.git";
			requirement = {
				kind = upToNextMajorVersion;
				minimumVersion = 5.7.1;
			};
		};
		4D9D8B6F2C05B3350043E7DF /* XCRemoteSwiftPackageReference "Kingfisher" */ = {
			isa = XCRemoteSwiftPackageReference;
			repositoryURL = "https://github.com/onevcat/Kingfisher.git";
			requirement = {
				kind = upToNextMajorVersion;
				minimumVersion = 7.11.0;
			};
		};
		4D9D8B722C05B4CD0043E7DF /* XCRemoteSwiftPackageReference "Then" */ = {
			isa = XCRemoteSwiftPackageReference;
			repositoryURL = "https://github.com/devxoul/Then";
			requirement = {
				kind = upToNextMajorVersion;
				minimumVersion = 3.0.0;
			};
		};
/* End XCRemoteSwiftPackageReference section */

/* Begin XCSwiftPackageProductDependency section */
		2A7654E42C060A3500D8A098 /* FirebaseAnalytics */ = {
			isa = XCSwiftPackageProductDependency;
			package = 2A7654E32C060A3500D8A098 /* XCRemoteSwiftPackageReference "firebase-ios-sdk" */;
			productName = FirebaseAnalytics;
		};
		2A7654E62C060A3500D8A098 /* FirebaseAnalyticsOnDeviceConversion */ = {
			isa = XCSwiftPackageProductDependency;
			package = 2A7654E32C060A3500D8A098 /* XCRemoteSwiftPackageReference "firebase-ios-sdk" */;
			productName = FirebaseAnalyticsOnDeviceConversion;
		};
		2A7654E82C060A3500D8A098 /* FirebaseAnalyticsSwift */ = {
			isa = XCSwiftPackageProductDependency;
			package = 2A7654E32C060A3500D8A098 /* XCRemoteSwiftPackageReference "firebase-ios-sdk" */;
			productName = FirebaseAnalyticsSwift;
		};
		2A7654EA2C060A3500D8A098 /* FirebaseAnalyticsWithoutAdIdSupport */ = {
			isa = XCSwiftPackageProductDependency;
			package = 2A7654E32C060A3500D8A098 /* XCRemoteSwiftPackageReference "firebase-ios-sdk" */;
			productName = FirebaseAnalyticsWithoutAdIdSupport;
		};
		2A7654EC2C060A3500D8A098 /* FirebaseAuth */ = {
			isa = XCSwiftPackageProductDependency;
			package = 2A7654E32C060A3500D8A098 /* XCRemoteSwiftPackageReference "firebase-ios-sdk" */;
			productName = FirebaseAuth;
		};
		2A7654EE2C060A3500D8A098 /* FirebaseAuthCombine-Community */ = {
			isa = XCSwiftPackageProductDependency;
			package = 2A7654E32C060A3500D8A098 /* XCRemoteSwiftPackageReference "firebase-ios-sdk" */;
			productName = "FirebaseAuthCombine-Community";
		};
		2A7654F02C060A3500D8A098 /* FirebaseFirestore */ = {
			isa = XCSwiftPackageProductDependency;
			package = 2A7654E32C060A3500D8A098 /* XCRemoteSwiftPackageReference "firebase-ios-sdk" */;
			productName = FirebaseFirestore;
		};
		2A7654F22C060A3500D8A098 /* FirebaseFirestoreCombine-Community */ = {
			isa = XCSwiftPackageProductDependency;
			package = 2A7654E32C060A3500D8A098 /* XCRemoteSwiftPackageReference "firebase-ios-sdk" */;
			productName = "FirebaseFirestoreCombine-Community";
		};
		2A7654F42C060A3500D8A098 /* FirebaseFirestoreSwift */ = {
			isa = XCSwiftPackageProductDependency;
			package = 2A7654E32C060A3500D8A098 /* XCRemoteSwiftPackageReference "firebase-ios-sdk" */;
			productName = FirebaseFirestoreSwift;
		};
		2A7654F62C060A3500D8A098 /* FirebaseStorage */ = {
			isa = XCSwiftPackageProductDependency;
			package = 2A7654E32C060A3500D8A098 /* XCRemoteSwiftPackageReference "firebase-ios-sdk" */;
			productName = FirebaseStorage;
		};
		2A7654F82C060A3500D8A098 /* FirebaseStorageCombine-Community */ = {
			isa = XCSwiftPackageProductDependency;
			package = 2A7654E32C060A3500D8A098 /* XCRemoteSwiftPackageReference "firebase-ios-sdk" */;
			productName = "FirebaseStorageCombine-Community";
		};
		4D9D8B6D2C05B3290043E7DF /* SnapKit */ = {
			isa = XCSwiftPackageProductDependency;
			package = 4D9D8B6C2C05B3290043E7DF /* XCRemoteSwiftPackageReference "SnapKit" */;
			productName = SnapKit;
		};
		4D9D8B702C05B3350043E7DF /* Kingfisher */ = {
			isa = XCSwiftPackageProductDependency;
			package = 4D9D8B6F2C05B3350043E7DF /* XCRemoteSwiftPackageReference "Kingfisher" */;
			productName = Kingfisher;
		};
		4D9D8B732C05B4CD0043E7DF /* Then */ = {
			isa = XCSwiftPackageProductDependency;
			package = 4D9D8B722C05B4CD0043E7DF /* XCRemoteSwiftPackageReference "Then" */;
			productName = Then;
		};
/* End XCSwiftPackageProductDependency section */

/* Begin XCVersionGroup section */
		4D9D8B582C05B1BD0043E7DF /* WanderBoard.xcdatamodeld */ = {
			isa = XCVersionGroup;
			children = (
				4D9D8B592C05B1BD0043E7DF /* WanderBoard.xcdatamodel */,
			);
			currentVersion = 4D9D8B592C05B1BD0043E7DF /* WanderBoard.xcdatamodel */;
			path = WanderBoard.xcdatamodeld;
			sourceTree = "<group>";
			versionGroupType = wrapper.xcdatamodel;
		};
/* End XCVersionGroup section */
	};
	rootObject = 4D9D8B442C05B1BD0043E7DF /* Project object */;
}
